
Microsoft Visual Studio Solution File, Format Version 12.00
# Visual Studio 15
Project("{FAE04EC0-301F-11D3-BF4B-00C04F79EFBC}") = "UnityEngine.UI", "UnityEngine.UI.csproj", "{24AD511C-2340-191F-A86B-E79AC7054E61}"
EndProject
Project("{FAE04EC0-301F-11D3-BF4B-00C04F79EFBC}") = "Unity.RenderPipelines.Core.Runtime", "Unity.RenderPipelines.Core.Runtime.csproj", "{BF03F006-BAD1-CBB1-B683-5D824600F55B}"
EndProject
Project("{FAE04EC0-301F-11D3-BF4B-00C04F79EFBC}") = "UnityEngine.TestRunner", "UnityEngine.TestRunner.csproj", "{1881FD5E-E51B-31C9-489F-83AD7BDE6B08}"
EndProject
Project("{FAE04EC0-301F-11D3-BF4B-00C04F79EFBC}") = "Unity.Mathematics", "Unity.Mathematics.csproj", "{E314C674-DE19-6CC1-8919-77D5004E281D}"
EndProject
Project("{FAE04EC0-301F-11D3-BF4B-00C04F79EFBC}") = "Unity.RenderPipelines.Universal.Runtime", "Unity.RenderPipelines.Universal.Runtime.csproj", "{EA7AE583-FC06-FA5C-B44F-7405FC754907}"
EndProject
Project("{FAE04EC0-301F-11D3-BF4B-00C04F79EFBC}") = "Unity.2D.Animation.Runtime", "Unity.2D.Animation.Runtime.csproj", "{60F05C34-9388-B53C-9C88-496AD7C6ECAF}"
EndProject
Project("{FAE04EC0-301F-11D3-BF4B-00C04F79EFBC}") = "Unity.TextMeshPro", "Unity.TextMeshPro.csproj", "{FD3B4604-F5A9-9DD1-2B3B-B6F55CC903F1}"
EndProject
Project("{FAE04EC0-301F-11D3-BF4B-00C04F79EFBC}") = "Unity.Timeline", "Unity.Timeline.csproj", "{202427CB-CF8F-71C4-90C6-1FF1D26E1048}"
EndProject
Project("{FAE04EC0-301F-11D3-BF4B-00C04F79EFBC}") = "Unity.2D.SpriteShape.Runtime", "Unity.2D.SpriteShape.Runtime.csproj", "{15CE9415-B2D1-73D5-C65E-8204618C534C}"
EndProject
Project("{FAE04EC0-301F-11D3-BF4B-00C04F79EFBC}") = "Unity.2D.PixelPerfect", "Unity.2D.PixelPerfect.csproj", "{8DDD318E-647C-A53D-FEDD-1EE9F386A203}"
EndProject
Project("{FAE04EC0-301F-11D3-BF4B-00C04F79EFBC}") = "Unity.2D.IK.Runtime", "Unity.2D.IK.Runtime.csproj", "{73DC461A-FD11-52C4-1710-DEBF91850848}"
EndProject
Project("{FAE04EC0-301F-11D3-BF4B-00C04F79EFBC}") = "Assembly-CSharp", "Assembly-CSharp.csproj", "{EC73334A-B688-C836-AF88-6FDA439C2A3B}"
EndProject
Project("{FAE04EC0-301F-11D3-BF4B-00C04F79EFBC}") = "Unity.2D.Common.Runtime", "Unity.2D.Common.Runtime.csproj", "{610BAB5F-48BE-9E99-FA54-923DEC56AD9F}"
EndProject
Project("{FAE04EC0-301F-11D3-BF4B-00C04F79EFBC}") = "Unity.RenderPipelines.Core.ShaderLibrary", "Unity.RenderPipelines.Core.ShaderLibrary.csproj", "{47D30238-1585-390B-AEA5-E2BBEE8DD4BF}"
EndProject
Project("{FAE04EC0-301F-11D3-BF4B-00C04F79EFBC}") = "Unity.InternalAPIEngineBridge.001", "Unity.InternalAPIEngineBridge.001.csproj", "{7AFB15F4-ABE8-0672-1428-E29F983B4EF3}"
EndProject
Project("{FAE04EC0-301F-11D3-BF4B-00C04F79EFBC}") = "Unity.RenderPipeline.Universal.ShaderLibrary", "Unity.RenderPipeline.Universal.ShaderLibrary.csproj", "{F34FE8C6-B2D5-191F-3C6D-CC857B2CD7AB}"
EndProject
Project("{FAE04EC0-301F-11D3-BF4B-00C04F79EFBC}") = "Unity.RenderPipelines.Universal.Shaders", "Unity.RenderPipelines.Universal.Shaders.csproj", "{DF3EC0A6-1F71-51C3-8E14-C025ED3E8645}"
EndProject
Project("{FAE04EC0-301F-11D3-BF4B-00C04F79EFBC}") = "Unity.RenderPipelines.ShaderGraph.ShaderGraphLibrary", "Unity.RenderPipelines.ShaderGraph.ShaderGraphLibrary.csproj", "{BA9AA08C-9A3D-D931-63E8-6112C9749153}"
EndProject
Project("{FAE04EC0-301F-11D3-BF4B-00C04F79EFBC}") = "Unity.PlasticSCM.Editor", "Unity.PlasticSCM.Editor.csproj", "{8BC04501-A194-32AC-F76C-0925E700CDFF}"
EndProject
Project("{FAE04EC0-301F-11D3-BF4B-00C04F79EFBC}") = "Unity.ShaderGraph.Editor", "Unity.ShaderGraph.Editor.csproj", "{077FCB2B-A61C-56AC-72F3-28A2EE25871D}"
EndProject
Project("{FAE04EC0-301F-11D3-BF4B-00C04F79EFBC}") = "Unity.VisualStudio.Editor", "Unity.VisualStudio.Editor.csproj", "{7442EEB4-A8ED-D11F-4C38-4DBA3D920210}"
EndProject
Project("{FAE04EC0-301F-11D3-BF4B-00C04F79EFBC}") = "Unity.Timeline.Editor", "Unity.Timeline.Editor.csproj", "{C4D45178-44AE-E1AE-872C-E253CD72F746}"
EndProject
Project("{FAE04EC0-301F-11D3-BF4B-00C04F79EFBC}") = "Unity.TextMeshPro.Editor", "Unity.TextMeshPro.Editor.csproj", "{D947387C-A074-17F1-75F2-D725AB3B2621}"
EndProject
Project("{FAE04EC0-301F-11D3-BF4B-00C04F79EFBC}") = "Unity.2D.Animation.Editor", "Unity.2D.Animation.Editor.csproj", "{B3ABD5BC-204C-FE4D-3A6E-CF37B75D663E}"
EndProject
Project("{FAE04EC0-301F-11D3-BF4B-00C04F79EFBC}") = "UnityEditor.TestRunner", "UnityEditor.TestRunner.csproj", "{A669B22A-732B-3BB3-6755-7E9A336ED2CA}"
EndProject
Project("{FAE04EC0-301F-11D3-BF4B-00C04F79EFBC}") = "Unity.Rider.Editor", "Unity.Rider.Editor.csproj", "{E3FE48D3-FE02-2AD5-A4C5-5C1487076FD2}"
EndProject
Project("{FAE04EC0-301F-11D3-BF4B-00C04F79EFBC}") = "Unity.2D.Path.Editor", "Unity.2D.Path.Editor.csproj", "{10649C42-D713-47AA-44B6-E4DE5A91F3B4}"
EndProject
Project("{FAE04EC0-301F-11D3-BF4B-00C04F79EFBC}") = "Unity.RenderPipelines.Universal.Editor", "Unity.RenderPipelines.Universal.Editor.csproj", "{2B9BD8B4-0705-30BF-91FF-004B7239542D}"
EndProject
Project("{FAE04EC0-301F-11D3-BF4B-00C04F79EFBC}") = "PsdPlugin", "PsdPlugin.csproj", "{E430A1D9-53EB-7E24-3534-0538C0F8DF32}"
EndProject
Project("{FAE04EC0-301F-11D3-BF4B-00C04F79EFBC}") = "Unity.RenderPipelines.Core.Editor", "Unity.RenderPipelines.Core.Editor.csproj", "{995B66B4-8002-DF50-0B05-6DFCA63600EE}"
EndProject
Project("{FAE04EC0-301F-11D3-BF4B-00C04F79EFBC}") = "Unity.2D.IK.Editor", "Unity.2D.IK.Editor.csproj", "{01C100ED-6A73-9D99-BD00-F166BA4B1FE5}"
EndProject
Project("{FAE04EC0-301F-11D3-BF4B-00C04F79EFBC}") = "Unity.Searcher.Editor", "Unity.Searcher.Editor.csproj", "{F43C6B1F-3F1C-1142-A93A-725E3BA5C17A}"
EndProject
Project("{FAE04EC0-301F-11D3-BF4B-00C04F79EFBC}") = "Unity.2D.Psdimporter.Editor", "Unity.2D.Psdimporter.Editor.csproj", "{47D1ED66-0BFC-6F76-F36B-7CEC356AE3EA}"
EndProject
Project("{FAE04EC0-301F-11D3-BF4B-00C04F79EFBC}") = "Unity.2D.SpriteShape.Editor", "Unity.2D.SpriteShape.Editor.csproj", "{EC3A78AF-9021-0936-345F-634821A3A038}"
EndProject
Project("{FAE04EC0-301F-11D3-BF4B-00C04F79EFBC}") = "Unity.2D.Tilemap.Editor", "Unity.2D.Tilemap.Editor.csproj", "{83E270AB-4548-CE6E-3469-8D98B5879A7F}"
EndProject
Project("{FAE04EC0-301F-11D3-BF4B-00C04F79EFBC}") = "Unity.2D.Animation.Triangle.Editor", "Unity.2D.Animation.Triangle.Editor.csproj", "{85FAB07D-DC8D-2CF0-661B-4BF04D80BEF7}"
EndProject
Project("{FAE04EC0-301F-11D3-BF4B-00C04F79EFBC}") = "Unity.2D.PixelPerfect.Editor", "Unity.2D.PixelPerfect.Editor.csproj", "{343C85B1-CE54-5B66-B212-ADC360397310}"
EndProject
Project("{FAE04EC0-301F-11D3-BF4B-00C04F79EFBC}") = "Unity.VSCode.Editor", "Unity.VSCode.Editor.csproj", "{8CBD9227-FDE8-5AB2-2ED6-40F5152320AF}"
EndProject
Project("{FAE04EC0-301F-11D3-BF4B-00C04F79EFBC}") = "Unity.2D.Sprite.Editor", "Unity.2D.Sprite.Editor.csproj", "{86E0CBA4-F7AF-56E4-01B9-DC26829A805A}"
EndProject
Project("{FAE04EC0-301F-11D3-BF4B-00C04F79EFBC}") = "UnityEditor.UI", "UnityEditor.UI.csproj", "{3996D5F0-DB40-D047-7827-6F180E72575A}"
EndProject
Project("{FAE04EC0-301F-11D3-BF4B-00C04F79EFBC}") = "Unity.CollabProxy.Editor", "Unity.CollabProxy.Editor.csproj", "{5343F34C-45D6-594B-4D2D-31720C276B9A}"
EndProject
Project("{FAE04EC0-301F-11D3-BF4B-00C04F79EFBC}") = "Unity.Mathematics.Editor", "Unity.Mathematics.Editor.csproj", "{ED98C559-C4A9-A60E-F181-19D545050FB4}"
EndProject
Project("{FAE04EC0-301F-11D3-BF4B-00C04F79EFBC}") = "Unity.2D.Common.Editor", "Unity.2D.Common.Editor.csproj", "{9DDCA01C-6855-E0AA-A71C-567A4A7BE14F}"
EndProject
Project("{FAE04EC0-301F-11D3-BF4B-00C04F79EFBC}") = "Unity.InternalAPIEditorBridge.001", "Unity.InternalAPIEditorBridge.001.csproj", "{C576EAA9-5927-6EB4-7DB4-C4132BB963B6}"
EndProject
Project("{FAE04EC0-301F-11D3-BF4B-00C04F79EFBC}") = "Unity.ShaderGraph.Utilities", "Unity.ShaderGraph.Utilities.csproj", "{5CE42824-3A6E-562E-A441-31F02B9AB5AE}"
EndProject
Global
	GlobalSection(SolutionConfigurationPlatforms) = preSolution
		Debug|Any CPU = Debug|Any CPU
		Release|Any CPU = Release|Any CPU
	EndGlobalSection
	GlobalSection(ProjectConfigurationPlatforms) = postSolution
		{24AD511C-2340-191F-A86B-E79AC7054E61}.Debug|Any CPU.ActiveCfg = Debug|Any CPU
		{24AD511C-2340-191F-A86B-E79AC7054E61}.Debug|Any CPU.Build.0 = Debug|Any CPU
		{24AD511C-2340-191F-A86B-E79AC7054E61}.Release|Any CPU.ActiveCfg = Release|Any CPU
		{24AD511C-2340-191F-A86B-E79AC7054E61}.Release|Any CPU.Build.0 = Release|Any CPU
		{BF03F006-BAD1-CBB1-B683-5D824600F55B}.Debug|Any CPU.ActiveCfg = Debug|Any CPU
		{BF03F006-BAD1-CBB1-B683-5D824600F55B}.Debug|Any CPU.Build.0 = Debug|Any CPU
		{BF03F006-BAD1-CBB1-B683-5D824600F55B}.Release|Any CPU.ActiveCfg = Release|Any CPU
		{BF03F006-BAD1-CBB1-B683-5D824600F55B}.Release|Any CPU.Build.0 = Release|Any CPU
		{1881FD5E-E51B-31C9-489F-83AD7BDE6B08}.Debug|Any CPU.ActiveCfg = Debug|Any CPU
		{1881FD5E-E51B-31C9-489F-83AD7BDE6B08}.Debug|Any CPU.Build.0 = Debug|Any CPU
		{1881FD5E-E51B-31C9-489F-83AD7BDE6B08}.Release|Any CPU.ActiveCfg = Release|Any CPU
		{1881FD5E-E51B-31C9-489F-83AD7BDE6B08}.Release|Any CPU.Build.0 = Release|Any CPU
		{E314C674-DE19-6CC1-8919-77D5004E281D}.Debug|Any CPU.ActiveCfg = Debug|Any CPU
		{E314C674-DE19-6CC1-8919-77D5004E281D}.Debug|Any CPU.Build.0 = Debug|Any CPU
		{E314C674-DE19-6CC1-8919-77D5004E281D}.Release|Any CPU.ActiveCfg = Release|Any CPU
		{E314C674-DE19-6CC1-8919-77D5004E281D}.Release|Any CPU.Build.0 = Release|Any CPU
		{EA7AE583-FC06-FA5C-B44F-7405FC754907}.Debug|Any CPU.ActiveCfg = Debug|Any CPU
		{EA7AE583-FC06-FA5C-B44F-7405FC754907}.Debug|Any CPU.Build.0 = Debug|Any CPU
		{EA7AE583-FC06-FA5C-B44F-7405FC754907}.Release|Any CPU.ActiveCfg = Release|Any CPU
		{EA7AE583-FC06-FA5C-B44F-7405FC754907}.Release|Any CPU.Build.0 = Release|Any CPU
		{60F05C34-9388-B53C-9C88-496AD7C6ECAF}.Debug|Any CPU.ActiveCfg = Debug|Any CPU
		{60F05C34-9388-B53C-9C88-496AD7C6ECAF}.Debug|Any CPU.Build.0 = Debug|Any CPU
		{60F05C34-9388-B53C-9C88-496AD7C6ECAF}.Release|Any CPU.ActiveCfg = Release|Any CPU
		{60F05C34-9388-B53C-9C88-496AD7C6ECAF}.Release|Any CPU.Build.0 = Release|Any CPU
		{FD3B4604-F5A9-9DD1-2B3B-B6F55CC903F1}.Debug|Any CPU.ActiveCfg = Debug|Any CPU
		{FD3B4604-F5A9-9DD1-2B3B-B6F55CC903F1}.Debug|Any CPU.Build.0 = Debug|Any CPU
		{FD3B4604-F5A9-9DD1-2B3B-B6F55CC903F1}.Release|Any CPU.ActiveCfg = Release|Any CPU
		{FD3B4604-F5A9-9DD1-2B3B-B6F55CC903F1}.Release|Any CPU.Build.0 = Release|Any CPU
		{202427CB-CF8F-71C4-90C6-1FF1D26E1048}.Debug|Any CPU.ActiveCfg = Debug|Any CPU
		{202427CB-CF8F-71C4-90C6-1FF1D26E1048}.Debug|Any CPU.Build.0 = Debug|Any CPU
		{202427CB-CF8F-71C4-90C6-1FF1D26E1048}.Release|Any CPU.ActiveCfg = Release|Any CPU
		{202427CB-CF8F-71C4-90C6-1FF1D26E1048}.Release|Any CPU.Build.0 = Release|Any CPU
		{15CE9415-B2D1-73D5-C65E-8204618C534C}.Debug|Any CPU.ActiveCfg = Debug|Any CPU
		{15CE9415-B2D1-73D5-C65E-8204618C534C}.Debug|Any CPU.Build.0 = Debug|Any CPU
		{15CE9415-B2D1-73D5-C65E-8204618C534C}.Release|Any CPU.ActiveCfg = Release|Any CPU
		{15CE9415-B2D1-73D5-C65E-8204618C534C}.Release|Any CPU.Build.0 = Release|Any CPU
		{8DDD318E-647C-A53D-FEDD-1EE9F386A203}.Debug|Any CPU.ActiveCfg = Debug|Any CPU
		{8DDD318E-647C-A53D-FEDD-1EE9F386A203}.Debug|Any CPU.Build.0 = Debug|Any CPU
		{8DDD318E-647C-A53D-FEDD-1EE9F386A203}.Release|Any CPU.ActiveCfg = Release|Any CPU
		{8DDD318E-647C-A53D-FEDD-1EE9F386A203}.Release|Any CPU.Build.0 = Release|Any CPU
		{73DC461A-FD11-52C4-1710-DEBF91850848}.Debug|Any CPU.ActiveCfg = Debug|Any CPU
		{73DC461A-FD11-52C4-1710-DEBF91850848}.Debug|Any CPU.Build.0 = Debug|Any CPU
		{73DC461A-FD11-52C4-1710-DEBF91850848}.Release|Any CPU.ActiveCfg = Release|Any CPU
		{73DC461A-FD11-52C4-1710-DEBF91850848}.Release|Any CPU.Build.0 = Release|Any CPU
		{EC73334A-B688-C836-AF88-6FDA439C2A3B}.Debug|Any CPU.ActiveCfg = Debug|Any CPU
		{EC73334A-B688-C836-AF88-6FDA439C2A3B}.Debug|Any CPU.Build.0 = Debug|Any CPU
		{EC73334A-B688-C836-AF88-6FDA439C2A3B}.Release|Any CPU.ActiveCfg = Release|Any CPU
		{EC73334A-B688-C836-AF88-6FDA439C2A3B}.Release|Any CPU.Build.0 = Release|Any CPU
		{610BAB5F-48BE-9E99-FA54-923DEC56AD9F}.Debug|Any CPU.ActiveCfg = Debug|Any CPU
		{610BAB5F-48BE-9E99-FA54-923DEC56AD9F}.Debug|Any CPU.Build.0 = Debug|Any CPU
		{610BAB5F-48BE-9E99-FA54-923DEC56AD9F}.Release|Any CPU.ActiveCfg = Release|Any CPU
		{610BAB5F-48BE-9E99-FA54-923DEC56AD9F}.Release|Any CPU.Build.0 = Release|Any CPU
		{47D30238-1585-390B-AEA5-E2BBEE8DD4BF}.Debug|Any CPU.ActiveCfg = Debug|Any CPU
		{47D30238-1585-390B-AEA5-E2BBEE8DD4BF}.Debug|Any CPU.Build.0 = Debug|Any CPU
		{47D30238-1585-390B-AEA5-E2BBEE8DD4BF}.Release|Any CPU.ActiveCfg = Release|Any CPU
		{47D30238-1585-390B-AEA5-E2BBEE8DD4BF}.Release|Any CPU.Build.0 = Release|Any CPU
		{7AFB15F4-ABE8-0672-1428-E29F983B4EF3}.Debug|Any CPU.ActiveCfg = Debug|Any CPU
		{7AFB15F4-ABE8-0672-1428-E29F983B4EF3}.Debug|Any CPU.Build.0 = Debug|Any CPU
		{7AFB15F4-ABE8-0672-1428-E29F983B4EF3}.Release|Any CPU.ActiveCfg = Release|Any CPU
		{7AFB15F4-ABE8-0672-1428-E29F983B4EF3}.Release|Any CPU.Build.0 = Release|Any CPU
		{F34FE8C6-B2D5-191F-3C6D-CC857B2CD7AB}.Debug|Any CPU.ActiveCfg = Debug|Any CPU
		{F34FE8C6-B2D5-191F-3C6D-CC857B2CD7AB}.Debug|Any CPU.Build.0 = Debug|Any CPU
		{F34FE8C6-B2D5-191F-3C6D-CC857B2CD7AB}.Release|Any CPU.ActiveCfg = Release|Any CPU
		{F34FE8C6-B2D5-191F-3C6D-CC857B2CD7AB}.Release|Any CPU.Build.0 = Release|Any CPU
		{DF3EC0A6-1F71-51C3-8E14-C025ED3E8645}.Debug|Any CPU.ActiveCfg = Debug|Any CPU
		{DF3EC0A6-1F71-51C3-8E14-C025ED3E8645}.Debug|Any CPU.Build.0 = Debug|Any CPU
		{DF3EC0A6-1F71-51C3-8E14-C025ED3E8645}.Release|Any CPU.ActiveCfg = Release|Any CPU
		{DF3EC0A6-1F71-51C3-8E14-C025ED3E8645}.Release|Any CPU.Build.0 = Release|Any CPU
		{BA9AA08C-9A3D-D931-63E8-6112C9749153}.Debug|Any CPU.ActiveCfg = Debug|Any CPU
		{BA9AA08C-9A3D-D931-63E8-6112C9749153}.Debug|Any CPU.Build.0 = Debug|Any CPU
		{BA9AA08C-9A3D-D931-63E8-6112C9749153}.Release|Any CPU.ActiveCfg = Release|Any CPU
		{BA9AA08C-9A3D-D931-63E8-6112C9749153}.Release|Any CPU.Build.0 = Release|Any CPU
		{8BC04501-A194-32AC-F76C-0925E700CDFF}.Debug|Any CPU.ActiveCfg = Debug|Any CPU
		{8BC04501-A194-32AC-F76C-0925E700CDFF}.Debug|Any CPU.Build.0 = Debug|Any CPU
		{8BC04501-A194-32AC-F76C-0925E700CDFF}.Release|Any CPU.ActiveCfg = Release|Any CPU
		{8BC04501-A194-32AC-F76C-0925E700CDFF}.Release|Any CPU.Build.0 = Release|Any CPU
		{077FCB2B-A61C-56AC-72F3-28A2EE25871D}.Debug|Any CPU.ActiveCfg = Debug|Any CPU
		{077FCB2B-A61C-56AC-72F3-28A2EE25871D}.Debug|Any CPU.Build.0 = Debug|Any CPU
		{077FCB2B-A61C-56AC-72F3-28A2EE25871D}.Release|Any CPU.ActiveCfg = Release|Any CPU
		{077FCB2B-A61C-56AC-72F3-28A2EE25871D}.Release|Any CPU.Build.0 = Release|Any CPU
		{7442EEB4-A8ED-D11F-4C38-4DBA3D920210}.Debug|Any CPU.ActiveCfg = Debug|Any CPU
		{7442EEB4-A8ED-D11F-4C38-4DBA3D920210}.Debug|Any CPU.Build.0 = Debug|Any CPU
		{7442EEB4-A8ED-D11F-4C38-4DBA3D920210}.Release|Any CPU.ActiveCfg = Release|Any CPU
		{7442EEB4-A8ED-D11F-4C38-4DBA3D920210}.Release|Any CPU.Build.0 = Release|Any CPU
		{C4D45178-44AE-E1AE-872C-E253CD72F746}.Debug|Any CPU.ActiveCfg = Debug|Any CPU
		{C4D45178-44AE-E1AE-872C-E253CD72F746}.Debug|Any CPU.Build.0 = Debug|Any CPU
		{C4D45178-44AE-E1AE-872C-E253CD72F746}.Release|Any CPU.ActiveCfg = Release|Any CPU
		{C4D45178-44AE-E1AE-872C-E253CD72F746}.Release|Any CPU.Build.0 = Release|Any CPU
		{D947387C-A074-17F1-75F2-D725AB3B2621}.Debug|Any CPU.ActiveCfg = Debug|Any CPU
		{D947387C-A074-17F1-75F2-D725AB3B2621}.Debug|Any CPU.Build.0 = Debug|Any CPU
		{D947387C-A074-17F1-75F2-D725AB3B2621}.Release|Any CPU.ActiveCfg = Release|Any CPU
		{D947387C-A074-17F1-75F2-D725AB3B2621}.Release|Any CPU.Build.0 = Release|Any CPU
		{B3ABD5BC-204C-FE4D-3A6E-CF37B75D663E}.Debug|Any CPU.ActiveCfg = Debug|Any CPU
		{B3ABD5BC-204C-FE4D-3A6E-CF37B75D663E}.Debug|Any CPU.Build.0 = Debug|Any CPU
		{B3ABD5BC-204C-FE4D-3A6E-CF37B75D663E}.Release|Any CPU.ActiveCfg = Release|Any CPU
		{B3ABD5BC-204C-FE4D-3A6E-CF37B75D663E}.Release|Any CPU.Build.0 = Release|Any CPU
		{A669B22A-732B-3BB3-6755-7E9A336ED2CA}.Debug|Any CPU.ActiveCfg = Debug|Any CPU
		{A669B22A-732B-3BB3-6755-7E9A336ED2CA}.Debug|Any CPU.Build.0 = Debug|Any CPU
		{A669B22A-732B-3BB3-6755-7E9A336ED2CA}.Release|Any CPU.ActiveCfg = Release|Any CPU
		{A669B22A-732B-3BB3-6755-7E9A336ED2CA}.Release|Any CPU.Build.0 = Release|Any CPU
		{E3FE48D3-FE02-2AD5-A4C5-5C1487076FD2}.Debug|Any CPU.ActiveCfg = Debug|Any CPU
		{E3FE48D3-FE02-2AD5-A4C5-5C1487076FD2}.Debug|Any CPU.Build.0 = Debug|Any CPU
		{E3FE48D3-FE02-2AD5-A4C5-5C1487076FD2}.Release|Any CPU.ActiveCfg = Release|Any CPU
		{E3FE48D3-FE02-2AD5-A4C5-5C1487076FD2}.Release|Any CPU.Build.0 = Release|Any CPU
		{10649C42-D713-47AA-44B6-E4DE5A91F3B4}.Debug|Any CPU.ActiveCfg = Debug|Any CPU
		{10649C42-D713-47AA-44B6-E4DE5A91F3B4}.Debug|Any CPU.Build.0 = Debug|Any CPU
		{10649C42-D713-47AA-44B6-E4DE5A91F3B4}.Release|Any CPU.ActiveCfg = Release|Any CPU
		{10649C42-D713-47AA-44B6-E4DE5A91F3B4}.Release|Any CPU.Build.0 = Release|Any CPU
		{2B9BD8B4-0705-30BF-91FF-004B7239542D}.Debug|Any CPU.ActiveCfg = Debug|Any CPU
		{2B9BD8B4-0705-30BF-91FF-004B7239542D}.Debug|Any CPU.Build.0 = Debug|Any CPU
		{2B9BD8B4-0705-30BF-91FF-004B7239542D}.Release|Any CPU.ActiveCfg = Release|Any CPU
		{2B9BD8B4-0705-30BF-91FF-004B7239542D}.Release|Any CPU.Build.0 = Release|Any CPU
		{E430A1D9-53EB-7E24-3534-0538C0F8DF32}.Debug|Any CPU.ActiveCfg = Debug|Any CPU
		{E430A1D9-53EB-7E24-3534-0538C0F8DF32}.Debug|Any CPU.Build.0 = Debug|Any CPU
		{E430A1D9-53EB-7E24-3534-0538C0F8DF32}.Release|Any CPU.ActiveCfg = Release|Any CPU
		{E430A1D9-53EB-7E24-3534-0538C0F8DF32}.Release|Any CPU.Build.0 = Release|Any CPU
		{995B66B4-8002-DF50-0B05-6DFCA63600EE}.Debug|Any CPU.ActiveCfg = Debug|Any CPU
		{995B66B4-8002-DF50-0B05-6DFCA63600EE}.Debug|Any CPU.Build.0 = Debug|Any CPU
		{995B66B4-8002-DF50-0B05-6DFCA63600EE}.Release|Any CPU.ActiveCfg = Release|Any CPU
		{995B66B4-8002-DF50-0B05-6DFCA63600EE}.Release|Any CPU.Build.0 = Release|Any CPU
		{01C100ED-6A73-9D99-BD00-F166BA4B1FE5}.Debug|Any CPU.ActiveCfg = Debug|Any CPU
		{01C100ED-6A73-9D99-BD00-F166BA4B1FE5}.Debug|Any CPU.Build.0 = Debug|Any CPU
		{01C100ED-6A73-9D99-BD00-F166BA4B1FE5}.Release|Any CPU.ActiveCfg = Release|Any CPU
		{01C100ED-6A73-9D99-BD00-F166BA4B1FE5}.Release|Any CPU.Build.0 = Release|Any CPU
		{F43C6B1F-3F1C-1142-A93A-725E3BA5C17A}.Debug|Any CPU.ActiveCfg = Debug|Any CPU
		{F43C6B1F-3F1C-1142-A93A-725E3BA5C17A}.Debug|Any CPU.Build.0 = Debug|Any CPU
		{F43C6B1F-3F1C-1142-A93A-725E3BA5C17A}.Release|Any CPU.ActiveCfg = Release|Any CPU
		{F43C6B1F-3F1C-1142-A93A-725E3BA5C17A}.Release|Any CPU.Build.0 = Release|Any CPU
		{47D1ED66-0BFC-6F76-F36B-7CEC356AE3EA}.Debug|Any CPU.ActiveCfg = Debug|Any CPU
		{47D1ED66-0BFC-6F76-F36B-7CEC356AE3EA}.Debug|Any CPU.Build.0 = Debug|Any CPU
		{47D1ED66-0BFC-6F76-F36B-7CEC356AE3EA}.Release|Any CPU.ActiveCfg = Release|Any CPU
		{47D1ED66-0BFC-6F76-F36B-7CEC356AE3EA}.Release|Any CPU.Build.0 = Release|Any CPU
		{EC3A78AF-9021-0936-345F-634821A3A038}.Debug|Any CPU.ActiveCfg = Debug|Any CPU
		{EC3A78AF-9021-0936-345F-634821A3A038}.Debug|Any CPU.Build.0 = Debug|Any CPU
		{EC3A78AF-9021-0936-345F-634821A3A038}.Release|Any CPU.ActiveCfg = Release|Any CPU
		{EC3A78AF-9021-0936-345F-634821A3A038}.Release|Any CPU.Build.0 = Release|Any CPU
		{83E270AB-4548-CE6E-3469-8D98B5879A7F}.Debug|Any CPU.ActiveCfg = Debug|Any CPU
		{83E270AB-4548-CE6E-3469-8D98B5879A7F}.Debug|Any CPU.Build.0 = Debug|Any CPU
		{83E270AB-4548-CE6E-3469-8D98B5879A7F}.Release|Any CPU.ActiveCfg = Release|Any CPU
		{83E270AB-4548-CE6E-3469-8D98B5879A7F}.Release|Any CPU.Build.0 = Release|Any CPU
		{85FAB07D-DC8D-2CF0-661B-4BF04D80BEF7}.Debug|Any CPU.ActiveCfg = Debug|Any CPU
		{85FAB07D-DC8D-2CF0-661B-4BF04D80BEF7}.Debug|Any CPU.Build.0 = Debug|Any CPU
		{85FAB07D-DC8D-2CF0-661B-4BF04D80BEF7}.Release|Any CPU.ActiveCfg = Release|Any CPU
		{85FAB07D-DC8D-2CF0-661B-4BF04D80BEF7}.Release|Any CPU.Build.0 = Release|Any CPU
		{343C85B1-CE54-5B66-B212-ADC360397310}.Debug|Any CPU.ActiveCfg = Debug|Any CPU
		{343C85B1-CE54-5B66-B212-ADC360397310}.Debug|Any CPU.Build.0 = Debug|Any CPU
		{343C85B1-CE54-5B66-B212-ADC360397310}.Release|Any CPU.ActiveCfg = Release|Any CPU
		{343C85B1-CE54-5B66-B212-ADC360397310}.Release|Any CPU.Build.0 = Release|Any CPU
		{8CBD9227-FDE8-5AB2-2ED6-40F5152320AF}.Debug|Any CPU.ActiveCfg = Debug|Any CPU
		{8CBD9227-FDE8-5AB2-2ED6-40F5152320AF}.Debug|Any CPU.Build.0 = Debug|Any CPU
		{8CBD9227-FDE8-5AB2-2ED6-40F5152320AF}.Release|Any CPU.ActiveCfg = Release|Any CPU
		{8CBD9227-FDE8-5AB2-2ED6-40F5152320AF}.Release|Any CPU.Build.0 = Release|Any CPU
		{86E0CBA4-F7AF-56E4-01B9-DC26829A805A}.Debug|Any CPU.ActiveCfg = Debug|Any CPU
		{86E0CBA4-F7AF-56E4-01B9-DC26829A805A}.Debug|Any CPU.Build.0 = Debug|Any CPU
		{86E0CBA4-F7AF-56E4-01B9-DC26829A805A}.Release|Any CPU.ActiveCfg = Release|Any CPU
		{86E0CBA4-F7AF-56E4-01B9-DC26829A805A}.Release|Any CPU.Build.0 = Release|Any CPU
		{3996D5F0-DB40-D047-7827-6F180E72575A}.Debug|Any CPU.ActiveCfg = Debug|Any CPU
		{3996D5F0-DB40-D047-7827-6F180E72575A}.Debug|Any CPU.Build.0 = Debug|Any CPU
		{3996D5F0-DB40-D047-7827-6F180E72575A}.Release|Any CPU.ActiveCfg = Release|Any CPU
		{3996D5F0-DB40-D047-7827-6F180E72575A}.Release|Any CPU.Build.0 = Release|Any CPU
		{5343F34C-45D6-594B-4D2D-31720C276B9A}.Debug|Any CPU.ActiveCfg = Debug|Any CPU
		{5343F34C-45D6-594B-4D2D-31720C276B9A}.Debug|Any CPU.Build.0 = Debug|Any CPU
		{5343F34C-45D6-594B-4D2D-31720C276B9A}.Release|Any CPU.ActiveCfg = Release|Any CPU
		{5343F34C-45D6-594B-4D2D-31720C276B9A}.Release|Any CPU.Build.0 = Release|Any CPU
		{ED98C559-C4A9-A60E-F181-19D545050FB4}.Debug|Any CPU.ActiveCfg = Debug|Any CPU
		{ED98C559-C4A9-A60E-F181-19D545050FB4}.Debug|Any CPU.Build.0 = Debug|Any CPU
		{ED98C559-C4A9-A60E-F181-19D545050FB4}.Release|Any CPU.ActiveCfg = Release|Any CPU
		{ED98C559-C4A9-A60E-F181-19D545050FB4}.Release|Any CPU.Build.0 = Release|Any CPU
		{9DDCA01C-6855-E0AA-A71C-567A4A7BE14F}.Debug|Any CPU.ActiveCfg = Debug|Any CPU
		{9DDCA01C-6855-E0AA-A71C-567A4A7BE14F}.Debug|Any CPU.Build.0 = Debug|Any CPU
		{9DDCA01C-6855-E0AA-A71C-567A4A7BE14F}.Release|Any CPU.ActiveCfg = Release|Any CPU
		{9DDCA01C-6855-E0AA-A71C-567A4A7BE14F}.Release|Any CPU.Build.0 = Release|Any CPU
		{C576EAA9-5927-6EB4-7DB4-C4132BB963B6}.Debug|Any CPU.ActiveCfg = Debug|Any CPU
		{C576EAA9-5927-6EB4-7DB4-C4132BB963B6}.Debug|Any CPU.Build.0 = Debug|Any CPU
		{C576EAA9-5927-6EB4-7DB4-C4132BB963B6}.Release|Any CPU.ActiveCfg = Release|Any CPU
		{C576EAA9-5927-6EB4-7DB4-C4132BB963B6}.Release|Any CPU.Build.0 = Release|Any CPU
		{5CE42824-3A6E-562E-A441-31F02B9AB5AE}.Debug|Any CPU.ActiveCfg = Debug|Any CPU
		{5CE42824-3A6E-562E-A441-31F02B9AB5AE}.Debug|Any CPU.Build.0 = Debug|Any CPU
		{5CE42824-3A6E-562E-A441-31F02B9AB5AE}.Release|Any CPU.ActiveCfg = Release|Any CPU
		{5CE42824-3A6E-562E-A441-31F02B9AB5AE}.Release|Any CPU.Build.0 = Release|Any CPU
	EndGlobalSection
	GlobalSection(SolutionProperties) = preSolution
		HideSolutionNode = FALSE
	EndGlobalSection
EndGlobal
